{
    "version": "0.5",
    "requires": [
        "zlib/1.2.13#e377bee636333ae348d51ca90874e353%1682597484.674",
        "libiconv/1.17#fa54397801cd96911a8294bc5fc76335%1675449822.495",
        "libbacktrace/cci.20210118#ec1aa63bbc10145c6a299e68e711670c%1676205469.545",
        "bzip2/1.0.8#411fc05e80d47a89045edc1ee6f23c1d%1678293522.814"
    ],
    "build_requires": [
        "b2/4.9.6#2e02945ad41739b8051247d14fe8297d%1679927934.674"
    ],
    "python_requires": []
}